// !$*UTF8*$!
{
	archiveVersion = 1;
	classes = {
	};
	objectVersion = 50;
	objects = {

/* Begin PBXBuildFile section */
		6474980DB25E8504D9ACC329 /* Pods_PersonCenter.framework in Frameworks */ = {isa = PBXBuildFile; fileRef = EF8218964AEB5B5CB7E38928 /* Pods_PersonCenter.framework */; };
		6ABB7B5521894A8E00C78BA3 /* AppDelegate.swift in Sources */ = {isa = PBXBuildFile; fileRef = 6ABB7B5421894A8E00C78BA3 /* AppDelegate.swift */; };
		6ABB7B5721894A8E00C78BA3 /* ViewController.swift in Sources */ = {isa = PBXBuildFile; fileRef = 6ABB7B5621894A8E00C78BA3 /* ViewController.swift */; };
		6ABB7B5A21894A8E00C78BA3 /* Main.storyboard in Resources */ = {isa = PBXBuildFile; fileRef = 6ABB7B5821894A8E00C78BA3 /* Main.storyboard */; };
		6ABB7B5C21894A8F00C78BA3 /* Assets.xcassets in Resources */ = {isa = PBXBuildFile; fileRef = 6ABB7B5B21894A8F00C78BA3 /* Assets.xcassets */; };
		6ABB7B5F21894A8F00C78BA3 /* LaunchScreen.storyboard in Resources */ = {isa = PBXBuildFile; fileRef = 6ABB7B5D21894A8F00C78BA3 /* LaunchScreen.storyboard */; };
		6ABB7B6A21894B9200C78BA3 /* PersonCenterViewController.swift in Sources */ = {isa = PBXBuildFile; fileRef = 6ABB7B6921894B9200C78BA3 /* PersonCenterViewController.swift */; };
		6ABB7B6D21894BC200C78BA3 /* Target_PersonCenter.swift in Sources */ = {isa = PBXBuildFile; fileRef = 6ABB7B6C21894BC200C78BA3 /* Target_PersonCenter.swift */; };
		6ABB7B6F21894C9100C78BA3 /* PersonCenterExtension.swift in Sources */ = {isa = PBXBuildFile; fileRef = 6ABB7B6E21894C9100C78BA3 /* PersonCenterExtension.swift */; };
/* End PBXBuildFile section */

/* Begin PBXFileReference section */
		331E0FE464AD8930850A21D9 /* Pods-PersonCenter.release.xcconfig */ = {isa = PBXFileReference; includeInIndex = 1; lastKnownFileType = text.xcconfig; name = "Pods-PersonCenter.release.xcconfig"; path = "Target Support Files/Pods-PersonCenter/Pods-PersonCenter.release.xcconfig"; sourceTree = "<group>"; };
		6ABB7B5121894A8E00C78BA3 /* PersonCenter.app */ = {isa = PBXFileReference; explicitFileType = wrapper.application; includeInIndex = 0; path = PersonCenter.app; sourceTree = BUILT_PRODUCTS_DIR; };
		6ABB7B5421894A8E00C78BA3 /* AppDelegate.swift */ = {isa = PBXFileReference; lastKnownFileType = sourcecode.swift; path = AppDelegate.swift; sourceTree = "<group>"; };
		6ABB7B5621894A8E00C78BA3 /* ViewController.swift */ = {isa = PBXFileReference; lastKnownFileType = sourcecode.swift; path = ViewController.swift; sourceTree = "<group>"; };
		6ABB7B5921894A8E00C78BA3 /* Base */ = {isa = PBXFileReference; lastKnownFileType = file.storyboard; name = Base; path = Base.lproj/Main.storyboard; sourceTree = "<group>"; };
		6ABB7B5B21894A8F00C78BA3 /* Assets.xcassets */ = {isa = PBXFileReference; lastKnownFileType = folder.assetcatalog; path = Assets.xcassets; sourceTree = "<group>"; };
		6ABB7B5E21894A8F00C78BA3 /* Base */ = {isa = PBXFileReference; lastKnownFileType = file.storyboard; name = Base; path = Base.lproj/LaunchScreen.storyboard; sourceTree = "<group>"; };
		6ABB7B6021894A8F00C78BA3 /* Info.plist */ = {isa = PBXFileReference; lastKnownFileType = text.plist.xml; path = Info.plist; sourceTree = "<group>"; };
		6ABB7B6921894B9200C78BA3 /* PersonCenterViewController.swift */ = {isa = PBXFileReference; lastKnownFileType = sourcecode.swift; path = PersonCenterViewController.swift; sourceTree = "<group>"; };
		6ABB7B6C21894BC200C78BA3 /* Target_PersonCenter.swift */ = {isa = PBXFileReference; lastKnownFileType = sourcecode.swift; path = Target_PersonCenter.swift; sourceTree = "<group>"; };
		6ABB7B6E21894C9100C78BA3 /* PersonCenterExtension.swift */ = {isa = PBXFileReference; lastKnownFileType = sourcecode.swift; path = PersonCenterExtension.swift; sourceTree = "<group>"; };
		E8B9054D4A7221D2FC20CF31 /* Pods-PersonCenter.debug.xcconfig */ = {isa = PBXFileReference; includeInIndex = 1; lastKnownFileType = text.xcconfig; name = "Pods-PersonCenter.debug.xcconfig"; path = "Target Support Files/Pods-PersonCenter/Pods-PersonCenter.debug.xcconfig"; sourceTree = "<group>"; };
		EF8218964AEB5B5CB7E38928 /* Pods_PersonCenter.framework */ = {isa = PBXFileReference; explicitFileType = wrapper.framework; includeInIndex = 0; path = Pods_PersonCenter.framework; sourceTree = BUILT_PRODUCTS_DIR; };
/* End PBXFileReference section */

/* Begin PBXFrameworksBuildPhase section */
		6ABB7B4E21894A8E00C78BA3 /* Frameworks */ = {
			isa = PBXFrameworksBuildPhase;
			buildActionMask = 2147483647;
			files = (
				6474980DB25E8504D9ACC329 /* Pods_PersonCenter.framework in Frameworks */,
			);
			runOnlyForDeploymentPostprocessing = 0;
		};
/* End PBXFrameworksBuildPhase section */

/* Begin PBXGroup section */
		6ABB7B4821894A8E00C78BA3 = {
			isa = PBXGroup;
			children = (
				6ABB7B5321894A8E00C78BA3 /* PersonCenter */,
				6ABB7B5221894A8E00C78BA3 /* Products */,
				B9A3B994A6C3AA484FA942C4 /* Pods */,
				8DC705A47811FF2261F9FA3C /* Frameworks */,
			);
			sourceTree = "<group>";
		};
		6ABB7B5221894A8E00C78BA3 /* Products */ = {
			isa = PBXGroup;
			children = (
				6ABB7B5121894A8E00C78BA3 /* PersonCenter.app */,
			);
			name = Products;
			sourceTree = "<group>";
		};
		6ABB7B5321894A8E00C78BA3 /* PersonCenter */ = {
			isa = PBXGroup;
			children = (
				6ABB7B6621894AA000C78BA3 /* PersonCenter */,
				6ABB7B5421894A8E00C78BA3 /* AppDelegate.swift */,
				6ABB7B5621894A8E00C78BA3 /* ViewController.swift */,
				6ABB7B5821894A8E00C78BA3 /* Main.storyboard */,
				6ABB7B5B21894A8F00C78BA3 /* Assets.xcassets */,
				6ABB7B5D21894A8F00C78BA3 /* LaunchScreen.storyboard */,
				6ABB7B6021894A8F00C78BA3 /* Info.plist */,
			);
			path = PersonCenter;
			sourceTree = "<group>";
		};
		6ABB7B6621894AA000C78BA3 /* PersonCenter */ = {
			isa = PBXGroup;
			children = (
				6ABB7B6B21894B9F00C78BA3 /* Mediator */,
				6ABB7B6821894B7000C78BA3 /* Controllers */,
				6ABB7B6721894B6700C78BA3 /* Coordinators */,
			);
			path = PersonCenter;
			sourceTree = "<group>";
		};
		6ABB7B6721894B6700C78BA3 /* Coordinators */ = {
			isa = PBXGroup;
			children = (
			);
			path = Coordinators;
			sourceTree = "<group>";
		};
		6ABB7B6821894B7000C78BA3 /* Controllers */ = {
			isa = PBXGroup;
			children = (
				6ABB7B6921894B9200C78BA3 /* PersonCenterViewController.swift */,
			);
			path = Controllers;
			sourceTree = "<group>";
		};
		6ABB7B6B21894B9F00C78BA3 /* Mediator */ = {
			isa = PBXGroup;
			children = (
				6ABB7B6C21894BC200C78BA3 /* Target_PersonCenter.swift */,
				6ABB7B6E21894C9100C78BA3 /* PersonCenterExtension.swift */,
			);
			path = Mediator;
			sourceTree = "<group>";
		};
		8DC705A47811FF2261F9FA3C /* Frameworks */ = {
			isa = PBXGroup;
			children = (
				EF8218964AEB5B5CB7E38928 /* Pods_PersonCenter.framework */,
			);
			name = Frameworks;
			sourceTree = "<group>";
		};
		B9A3B994A6C3AA484FA942C4 /* Pods */ = {
			isa = PBXGroup;
			children = (
				E8B9054D4A7221D2FC20CF31 /* Pods-PersonCenter.debug.xcconfig */,
				331E0FE464AD8930850A21D9 /* Pods-PersonCenter.release.xcconfig */,
			);
			path = Pods;
			sourceTree = "<group>";
		};
/* End PBXGroup section */

/* Begin PBXNativeTarget section */
		6ABB7B5021894A8E00C78BA3 /* PersonCenter */ = {
			isa = PBXNativeTarget;
			buildConfigurationList = 6ABB7B6321894A8F00C78BA3 /* Build configuration list for PBXNativeTarget "PersonCenter" */;
			buildPhases = (
				3A106A3113A4CA9359297C43 /* [CP] Check Pods Manifest.lock */,
				6ABB7B4D21894A8E00C78BA3 /* Sources */,
				6ABB7B4E21894A8E00C78BA3 /* Frameworks */,
				6ABB7B4F21894A8E00C78BA3 /* Resources */,
				FE944D9132A8B7EDEE1068C9 /* [CP] Embed Pods Frameworks */,
			);
			buildRules = (
			);
			dependencies = (
			);
			name = PersonCenter;
			productName = PersonCenter;
			productReference = 6ABB7B5121894A8E00C78BA3 /* PersonCenter.app */;
			productType = "com.apple.product-type.application";
		};
/* End PBXNativeTarget section */

/* Begin PBXProject section */
		6ABB7B4921894A8E00C78BA3 /* Project object */ = {
			isa = PBXProject;
			attributes = {
				LastSwiftUpdateCheck = 1000;
				LastUpgradeCheck = 1000;
				ORGANIZATIONNAME = mozhe;
				TargetAttributes = {
					6ABB7B5021894A8E00C78BA3 = {
						CreatedOnToolsVersion = 10.0;
					};
				};
			};
			buildConfigurationList = 6ABB7B4C21894A8E00C78BA3 /* Build configuration list for PBXProject "PersonCenter" */;
			compatibilityVersion = "Xcode 9.3";
			developmentRegion = en;
			hasScannedForEncodings = 0;
			knownRegions = (
				en,
				Base,
			);
			mainGroup = 6ABB7B4821894A8E00C78BA3;
			productRefGroup = 6ABB7B5221894A8E00C78BA3 /* Products */;
			projectDirPath = "";
			projectRoot = "";
			targets = (
				6ABB7B5021894A8E00C78BA3 /* PersonCenter */,
			);
		};
/* End PBXProject section */

/* Begin PBXResourcesBuildPhase section */
		6ABB7B4F21894A8E00C78BA3 /* Resources */ = {
			isa = PBXResourcesBuildPhase;
			buildActionMask = 2147483647;
			files = (
				6ABB7B5F21894A8F00C78BA3 /* LaunchScreen.storyboard in Resources */,
				6ABB7B5C21894A8F00C78BA3 /* Assets.xcassets in Resources */,
				6ABB7B5A21894A8E00C78BA3 /* Main.storyboard in Resources */,
			);
			runOnlyForDeploymentPostprocessing = 0;
		};
/* End PBXResourcesBuildPhase section */

/* Begin PBXShellScriptBuildPhase section */
		3A106A3113A4CA9359297C43 /* [CP] Check Pods Manifest.lock */ = {
			isa = PBXShellScriptBuildPhase;
			buildActionMask = 2147483647;
			files = (
			);
			inputFileListPaths = (
			);
			inputPaths = (
				"${PODS_PODFILE_DIR_PATH}/Podfile.lock",
				"${PODS_ROOT}/Manifest.lock",
			);
			name = "[CP] Check Pods Manifest.lock";
			outputFileListPaths = (
			);
			outputPaths = (
				"$(DERIVED_FILE_DIR)/Pods-PersonCenter-checkManifestLockResult.txt",
			);
			runOnlyForDeploymentPostprocessing = 0;
			shellPath = /bin/sh;
			shellScript = "diff \"${PODS_PODFILE_DIR_PATH}/Podfile.lock\" \"${PODS_ROOT}/Manifest.lock\" > /dev/null\nif [ $? != 0 ] ; then\n    # print error to STDERR\n    echo \"error: The sandbox is not in sync with the Podfile.lock. Run 'pod install' or update your CocoaPods installation.\" >&2\n    exit 1\nfi\n# This output is used by Xcode 'outputs' to avoid re-running this script phase.\necho \"SUCCESS\" > \"${SCRIPT_OUTPUT_FILE_0}\"\n";
			showEnvVarsInLog = 0;
		};
		FE944D9132A8B7EDEE1068C9 /* [CP] Embed Pods Frameworks */ = {
			isa = PBXShellScriptBuildPhase;
			buildActionMask = 2147483647;
			files = (
			);
			inputFileListPaths = (
			);
			inputPaths = (
				"${PODS_ROOT}/Target Support Files/Pods-PersonCenter/Pods-PersonCenter-frameworks.sh",
				"${BUILT_PRODUCTS_DIR}/CTMediator/CTMediator.framework",
			);
			name = "[CP] Embed Pods Frameworks";
			outputFileListPaths = (
			);
			outputPaths = (
				"${TARGET_BUILD_DIR}/${FRAMEWORKS_FOLDER_PATH}/CTMediator.framework",
			);
			runOnlyForDeploymentPostprocessing = 0;
			shellPath = /bin/sh;
			shellScript = "\"${PODS_ROOT}/Target Support Files/Pods-PersonCenter/Pods-PersonCenter-frameworks.sh\"\n";
			showEnvVarsInLog = 0;
		};
/* End PBXShellScriptBuildPhase section */

/* Begin PBXSourcesBuildPhase section */
		6ABB7B4D21894A8E00C78BA3 /* Sources */ = {
			isa = PBXSourcesBuildPhase;
			buildActionMask = 2147483647;
			files = (
				6ABB7B5721894A8E00C78BA3 /* ViewController.swift in Sources */,
				6ABB7B6A21894B9200C78BA3 /* PersonCenterViewController.swift in Sources */,
				6ABB7B6F21894C9100C78BA3 /* PersonCenterExtension.swift in Sources */,
				6ABB7B6D21894BC200C78BA3 /* Target_PersonCenter.swift in Sources */,
				6ABB7B5521894A8E00C78BA3 /* AppDelegate.swift in Sources */,
			);
			runOnlyForDeploymentPostprocessing = 0;
		};
/* End PBXSourcesBuildPhase section */

/* Begin PBXVariantGroup section */
		6ABB7B5821894A8E00C78BA3 /* Main.storyboard */ = {
			isa = PBXVariantGroup;
			children = (
				6ABB7B5921894A8E00C78BA3 /* Base */,
			);
			name = Main.storyboard;
			sourceTree = "<group>";
		};
		6ABB7B5D21894A8F00C78BA3 /* LaunchScreen.storyboard */ = {
			isa = PBXVariantGroup;
			children = (
				6ABB7B5E21894A8F00C78BA3 /* Base */,
			);
			name = LaunchScreen.storyboard;
			sourceTree = "<group>";
		};
/* End PBXVariantGroup section */

/* Begin XCBuildConfiguration section */
		6ABB7B6121894A8F00C78BA3 /* Debug */ = {
			isa = XCBuildConfiguration;
			buildSettings = {
				ALWAYS_SEARCH_USER_PATHS = NO;
				CLANG_ANALYZER_NONNULL = YES;
				CLANG_ANALYZER_NUMBER_OBJECT_CONVERSION = YES_AGGRESSIVE;
				CLANG_CXX_LANGUAGE_STANDARD = "gnu++14";
				CLANG_CXX_LIBRARY = "libc++";
				CLANG_ENABLE_MODULES = YES;
				CLANG_ENABLE_OBJC_ARC = YES;
				CLANG_ENABLE_OBJC_WEAK = YES;
				CLANG_WARN_BLOCK_CAPTURE_AUTORELEASING = YES;
				CLANG_WARN_BOOL_CONVERSION = YES;
				CLANG_WARN_COMMA = YES;
				CLANG_WARN_CONSTANT_CONVERSION = YES;
				CLANG_WARN_DEPRECATED_OBJC_IMPLEMENTATIONS = YES;
				CLANG_WARN_DIRECT_OBJC_ISA_USAGE = YES_ERROR;
				CLANG_WARN_DOCUMENTATION_COMMENTS = YES;
				CLANG_WARN_EMPTY_BODY = YES;
				CLANG_WARN_ENUM_CONVERSION = YES;
				CLANG_WARN_INFINITE_RECURSION = YES;
				CLANG_WARN_INT_CONVERSION = YES;
				CLANG_WARN_NON_LITERAL_NULL_CONVERSION = YES;
				CLANG_WARN_OBJC_IMPLICIT_RETAIN_SELF = YES;
				CLANG_WARN_OBJC_LITERAL_CONVERSION = YES;
				CLANG_WARN_OBJC_ROOT_CLASS = YES_ERROR;
				CLANG_WARN_RANGE_LOOP_ANALYSIS = YES;
				CLANG_WARN_STRICT_PROTOTYPES = YES;
				CLANG_WARN_SUSPICIOUS_MOVE = YES;
				CLANG_WARN_UNGUARDED_AVAILABILITY = YES_AGGRESSIVE;
				CLANG_WARN_UNREACHABLE_CODE = YES;
				CLANG_WARN__DUPLICATE_METHOD_MATCH = YES;
				CODE_SIGN_IDENTITY = "iPhone Developer";
				COPY_PHASE_STRIP = NO;
				DEBUG_INFORMATION_FORMAT = dwarf;
				ENABLE_STRICT_OBJC_MSGSEND = YES;
				ENABLE_TESTABILITY = YES;
				GCC_C_LANGUAGE_STANDARD = gnu11;
				GCC_DYNAMIC_NO_PIC = NO;
				GCC_NO_COMMON_BLOCKS = YES;
				GCC_OPTIMIZATION_LEVEL = 0;
				GCC_PREPROCESSOR_DEFINITIONS = (
					"DEBUG=1",
					"$(inherited)",
				);
				GCC_WARN_64_TO_32_BIT_CONVERSION = YES;
				GCC_WARN_ABOUT_RETURN_TYPE = YES_ERROR;
				GCC_WARN_UNDECLARED_SELECTOR = YES;
				GCC_WARN_UNINITIALIZED_AUTOS = YES_AGGRESSIVE;
				GCC_WARN_UNUSED_FUNCTION = YES;
				GCC_WARN_UNUSED_VARIABLE = YES;
				IPHONEOS_DEPLOYMENT_TARGET = 12.0;
				MTL_ENABLE_DEBUG_INFO = INCLUDE_SOURCE;
				MTL_FAST_MATH = YES;
				ONLY_ACTIVE_ARCH = YES;
				SDKROOT = iphoneos;
				SWIFT_ACTIVE_COMPILATION_CONDITIONS = DEBUG;
				SWIFT_OPTIMIZATION_LEVEL = "-Onone";
			};
			name = Debug;
		};
		6ABB7B6221894A8F00C78BA3 /* Release */ = {
			isa = XCBuildConfiguration;
			buildSettings = {
				ALWAYS_SEARCH_USER_PATHS = NO;
				CLANG_ANALYZER_NONNULL = YES;
				CLANG_ANALYZER_NUMBER_OBJECT_CONVERSION = YES_AGGRESSIVE;
				CLANG_CXX_LANGUAGE_STANDARD = "gnu++14";
				CLANG_CXX_LIBRARY = "libc++";
				CLANG_ENABLE_MODULES = YES;
				CLANG_ENABLE_OBJC_ARC = YES;
				CLANG_ENABLE_OBJC_WEAK = YES;
				CLANG_WARN_BLOCK_CAPTURE_AUTORELEASING = YES;
				CLANG_WARN_BOOL_CONVERSION = YES;
				CLANG_WARN_COMMA = YES;
				CLANG_WARN_CONSTANT_CONVERSION = YES;
				CLANG_WARN_DEPRECATED_OBJC_IMPLEMENTATIONS = YES;
				CLANG_WARN_DIRECT_OBJC_ISA_USAGE = YES_ERROR;
				CLANG_WARN_DOCUMENTATION_COMMENTS = YES;
				CLANG_WARN_EMPTY_BODY = YES;
				CLANG_WARN_ENUM_CONVERSION = YES;
				CLANG_WARN_INFINITE_RECURSION = YES;
				CLANG_WARN_INT_CONVERSION = YES;
				CLANG_WARN_NON_LITERAL_NULL_CONVERSION = YES;
				CLANG_WARN_OBJC_IMPLICIT_RETAIN_SELF = YES;
				CLANG_WARN_OBJC_LITERAL_CONVERSION = YES;
				CLANG_WARN_OBJC_ROOT_CLASS = YES_ERROR;
				CLANG_WARN_RANGE_LOOP_ANALYSIS = YES;
				CLANG_WARN_STRICT_PROTOTYPES = YES;
				CLANG_WARN_SUSPICIOUS_MOVE = YES;
				CLANG_WARN_UNGUARDED_AVAILABILITY = YES_AGGRESSIVE;
				CLANG_WARN_UNREACHABLE_CODE = YES;
				CLANG_WARN__DUPLICATE_METHOD_MATCH = YES;
				CODE_SIGN_IDENTITY = "iPhone Developer";
				COPY_PHASE_STRIP = NO;
				DEBUG_INFORMATION_FORMAT = "dwarf-with-dsym";
				ENABLE_NS_ASSERTIONS = NO;
				ENABLE_STRICT_OBJC_MSGSEND = YES;
				GCC_C_LANGUAGE_STANDARD = gnu11;
				GCC_NO_COMMON_BLOCKS = YES;
				GCC_WARN_64_TO_32_BIT_CONVERSION = YES;
				GCC_WARN_ABOUT_RETURN_TYPE = YES_ERROR;
				GCC_WARN_UNDECLARED_SELECTOR = YES;
				GCC_WARN_UNINITIALIZED_AUTOS = YES_AGGRESSIVE;
				GCC_WARN_UNUSED_FUNCTION = YES;
				GCC_WARN_UNUSED_VARIABLE = YES;
				IPHONEOS_DEPLOYMENT_TARGET = 12.0;
				MTL_ENABLE_DEBUG_INFO = NO;
				MTL_FAST_MATH = YES;
				SDKROOT = iphoneos;
				SWIFT_COMPILATION_MODE = wholemodule;
				SWIFT_OPTIMIZATION_LEVEL = "-O";
				VALIDATE_PRODUCT = YES;
			};
			name = Release;
		};
		6ABB7B6421894A8F00C78BA3 /* Debug */ = {
			isa = XCBuildConfiguration;
			baseConfigurationReference = E8B9054D4A7221D2FC20CF31 /* Pods-PersonCenter.debug.xcconfig */;
			buildSettings = {
				ASSETCATALOG_COMPILER_APPICON_NAME = AppIcon;
				CODE_SIGN_STYLE = Automatic;
				DEVELOPMENT_TEAM = 75J4834735;
				INFOPLIST_FILE = PersonCenter/Info.plist;
				IPHONEOS_DEPLOYMENT_TARGET = 10.0;
				LD_RUNPATH_SEARCH_PATHS = (
					"$(inherited)",
					"@executable_path/Frameworks",
				);
				PRODUCT_BUNDLE_IDENTIFIER = com.mozheanquan.PersonCenter;
				PRODUCT_NAME = "$(TARGET_NAME)";
				SWIFT_VERSION = 4.2;
				TARGETED_DEVICE_FAMILY = "1,2";
			};
			name = Debug;
		};
		6ABB7B6521894A8F00C78BA3 /* Release */ = {
			isa = XCBuildConfiguration;
			baseConfigurationReference = 331E0FE464AD8930850A21D9 /* Pods-PersonCenter.release.xcconfig */;
			buildSettings = {
				ASSETCATALOG_COMPILER_APPICON_NAME = AppIcon;
				CODE_SIGN_STYLE = Automatic;
				DEVELOPMENT_TEAM = 75J4834735;
				INFOPLIST_FILE = PersonCenter/Info.plist;
				IPHONEOS_DEPLOYMENT_TARGET = 10.0;
				LD_RUNPATH_SEARCH_PATHS = (
					"$(inherited)",
					"@executable_path/Frameworks",
				);
				PRODUCT_BUNDLE_IDENTIFIER = com.mozheanquan.PersonCenter;
				PRODUCT_NAME = "$(TARGET_NAME)";
				SWIFT_VERSION = 4.2;
				TARGETED_DEVICE_FAMILY = "1,2";
			};
			name = Release;
		};
/* End XCBuildConfiguration section */

/* Begin XCConfigurationList section */
		6ABB7B4C21894A8E00C78BA3 /* Build configuration list for PBXProject "PersonCenter" */ = {
			isa = XCConfigurationList;
			buildConfigurations = (
				6ABB7B6121894A8F00C78BA3 /* Debug */,
				6ABB7B6221894A8F00C78BA3 /* Release */,
			);
			defaultConfigurationIsVisible = 0;
			defaultConfigurationName = Release;
		};
		6ABB7B6321894A8F00C78BA3 /* Build configuration list for PBXNativeTarget "PersonCenter" */ = {
			isa = XCConfigurationList;
			buildConfigurations = (
				6ABB7B6421894A8F00C78BA3 /* Debug */,
				6ABB7B6521894A8F00C78BA3 /* Release */,
			);
			defaultConfigurationIsVisible = 0;
			defaultConfigurationName = Release;
		};
/* End XCConfigurationList section */
	};
	rootObject = 6ABB7B4921894A8E00C78BA3 /* Project object */;
}
